
Microsoft Visual Studio Solution File, Format Version 12.00
# Visual Studio Version 17
VisualStudioVersion = 17.13.35828.75
MinimumVisualStudioVersion = 10.0.40219.1
Project("{FAE04EC0-301F-11D3-BF4B-00C04F79EFBC}") = "NBA_Betting", "NBA_Betting\NBA_Betting.csproj", "{28CDCA57-2764-4849-B593-8FBC21A67F04}"
EndProject
Project("{2150E333-8FDC-42A3-9474-1A3956D46DE8}") = "Solution Items", "Solution Items", "{8EC462FD-D22E-90A8-E5CE-7E832BA40C5D}"
	ProjectSection(SolutionItems) = preProject
		README.md = README.md
	EndProjectSection
EndProject
Project("{2150E333-8FDC-42A3-9474-1A3956D46DE8}") = "ai", "ai", "{02EA681E-C7D8-13C7-8484-4AC65E1B71E8}"
	ProjectSection(SolutionItems) = preProject
		db-plan.md = db-plan.md
		ai\prd.md = ai\prd.md
		ai\techStackSummary.md = ai\techStackSummary.md
	EndProjectSection
EndProject
Project("{2150E333-8FDC-42A3-9474-1A3956D46DE8}") = "docs", "docs", "{47D2102C-4960-4C34-BA42-6A80DAA5D186}"
	ProjectSection(SolutionItems) = preProject
		docs\answers_1.md = docs\answers_1.md
	EndProjectSection
EndProject
Global
	GlobalSection(SolutionConfigurationPlatforms) = preSolution
		Debug|Any CPU = Debug|Any CPU
		Release|Any CPU = Release|Any CPU
	EndGlobalSection
	GlobalSection(ProjectConfigurationPlatforms) = postSolution
		{28CDCA57-2764-4849-B593-8FBC21A67F04}.Debug|Any CPU.ActiveCfg = Debug|Any CPU
		{28CDCA57-2764-4849-B593-8FBC21A67F04}.Debug|Any CPU.Build.0 = Debug|Any CPU
		{28CDCA57-2764-4849-B593-8FBC21A67F04}.Release|Any CPU.ActiveCfg = Release|Any CPU
		{28CDCA57-2764-4849-B593-8FBC21A67F04}.Release|Any CPU.Build.0 = Release|Any CPU
	EndGlobalSection
	GlobalSection(SolutionProperties) = preSolution
		HideSolutionNode = FALSE
	EndGlobalSection
	GlobalSection(NestedProjects) = preSolution
		{02EA681E-C7D8-13C7-8484-4AC65E1B71E8} = {8EC462FD-D22E-90A8-E5CE-7E832BA40C5D}
		{47D2102C-4960-4C34-BA42-6A80DAA5D186} = {8EC462FD-D22E-90A8-E5CE-7E832BA40C5D}
	EndGlobalSection
	GlobalSection(ExtensibilityGlobals) = postSolution
		SolutionGuid = {4DD98D71-F31A-480D-871D-57026AF7FF1C}
	EndGlobalSection
EndGlobal
